// !$*UTF8*$!
{
	archiveVersion = 1;
	classes = {
	};
	objectVersion = 48;
	objects = {

/* Begin PBXBuildFile section */
		634C8460200446AA00F7EF38 /* AppDelegate.m in Sources */ = {isa = PBXBuildFile; fileRef = 634C845F200446AA00F7EF38 /* AppDelegate.m */; };
		634C8463200446AA00F7EF38 /* ViewController.m in Sources */ = {isa = PBXBuildFile; fileRef = 634C8462200446AA00F7EF38 /* ViewController.m */; };
		634C8466200446AA00F7EF38 /* Main.storyboard in Resources */ = {isa = PBXBuildFile; fileRef = 634C8464200446AA00F7EF38 /* Main.storyboard */; };
		634C8468200446AA00F7EF38 /* Assets.xcassets in Resources */ = {isa = PBXBuildFile; fileRef = 634C8467200446AA00F7EF38 /* Assets.xcassets */; };
		634C846B200446AA00F7EF38 /* LaunchScreen.storyboard in Resources */ = {isa = PBXBuildFile; fileRef = 634C8469200446AA00F7EF38 /* LaunchScreen.storyboard */; };
		634C846E200446AA00F7EF38 /* main.m in Sources */ = {isa = PBXBuildFile; fileRef = 634C846D200446AA00F7EF38 /* main.m */; };
		634C8478200446AA00F7EF38 /* ZJHFoundationTests.m in Sources */ = {isa = PBXBuildFile; fileRef = 634C8477200446AA00F7EF38 /* ZJHFoundationTests.m */; };
		634C8483200446AA00F7EF38 /* ZJHFoundationUITests.m in Sources */ = {isa = PBXBuildFile; fileRef = 634C8482200446AA00F7EF38 /* ZJHFoundationUITests.m */; };
		634C849620045E1800F7EF38 /* UITextField+ZJHCategory.m in Sources */ = {isa = PBXBuildFile; fileRef = 634C849520045E1800F7EF38 /* UITextField+ZJHCategory.m */; };
		634C849A200460F600F7EF38 /* ZJH_TextField.m in Sources */ = {isa = PBXBuildFile; fileRef = 634C8499200460F600F7EF38 /* ZJH_TextField.m */; };
		634C849F20049A9D00F7EF38 /* ZJH_AlertView.m in Sources */ = {isa = PBXBuildFile; fileRef = 634C849D20049A9D00F7EF38 /* ZJH_AlertView.m */; };
		634C84A220049C4F00F7EF38 /* UIView+ZJHFrame.m in Sources */ = {isa = PBXBuildFile; fileRef = 634C84A120049C4F00F7EF38 /* UIView+ZJHFrame.m */; };
		634C84A52004A17000F7EF38 /* UILabel+ZJHFontSpacing.m in Sources */ = {isa = PBXBuildFile; fileRef = 634C84A42004A17000F7EF38 /* UILabel+ZJHFontSpacing.m */; };
		6369B2292091AF800057B92D /* NSObject+ZJHSwizzle.m in Sources */ = {isa = PBXBuildFile; fileRef = 6369B2282091AF800057B92D /* NSObject+ZJHSwizzle.m */; };
		637080F120DA4672001B8A96 /* NSString+Category.m in Sources */ = {isa = PBXBuildFile; fileRef = 637080F020DA4672001B8A96 /* NSString+Category.m */; };
		63B7FB79208F24350033B9A4 /* UIScrollView+ZJH_EmptyDataSte.m in Sources */ = {isa = PBXBuildFile; fileRef = 63B7FB78208F24350033B9A4 /* UIScrollView+ZJH_EmptyDataSte.m */; };
		63B7FB7C2090876D0033B9A4 /* ZJH_ImageCompressionClass.m in Sources */ = {isa = PBXBuildFile; fileRef = 63B7FB7B2090876D0033B9A4 /* ZJH_ImageCompressionClass.m */; };
		BB571E091C09186371EF7C57 /* libPods-ZJHFoundation.a in Frameworks */ = {isa = PBXBuildFile; fileRef = 43BD6BA370B0C3EBF3C2DC03 /* libPods-ZJHFoundation.a */; };
/* End PBXBuildFile section */

/* Begin PBXContainerItemProxy section */
		634C8474200446AA00F7EF38 /* PBXContainerItemProxy */ = {
			isa = PBXContainerItemProxy;
			containerPortal = 634C8453200446AA00F7EF38 /* Project object */;
			proxyType = 1;
			remoteGlobalIDString = 634C845A200446AA00F7EF38;
			remoteInfo = ZJHFoundation;
		};
		634C847F200446AA00F7EF38 /* PBXContainerItemProxy */ = {
			isa = PBXContainerItemProxy;
			containerPortal = 634C8453200446AA00F7EF38 /* Project object */;
			proxyType = 1;
			remoteGlobalIDString = 634C845A200446AA00F7EF38;
			remoteInfo = ZJHFoundation;
		};
/* End PBXContainerItemProxy section */

/* Begin PBXFileReference section */
		43BD6BA370B0C3EBF3C2DC03 /* libPods-ZJHFoundation.a */ = {isa = PBXFileReference; explicitFileType = archive.ar; includeInIndex = 0; path = "libPods-ZJHFoundation.a"; sourceTree = BUILT_PRODUCTS_DIR; };
		634C845B200446AA00F7EF38 /* ZJHFoundation.app */ = {isa = PBXFileReference; explicitFileType = wrapper.application; includeInIndex = 0; path = ZJHFoundation.app; sourceTree = BUILT_PRODUCTS_DIR; };
		634C845E200446AA00F7EF38 /* AppDelegate.h */ = {isa = PBXFileReference; lastKnownFileType = sourcecode.c.h; path = AppDelegate.h; sourceTree = "<group>"; };
		634C845F200446AA00F7EF38 /* AppDelegate.m */ = {isa = PBXFileReference; lastKnownFileType = sourcecode.c.objc; path = AppDelegate.m; sourceTree = "<group>"; };
		634C8461200446AA00F7EF38 /* ViewController.h */ = {isa = PBXFileReference; lastKnownFileType = sourcecode.c.h; path = ViewController.h; sourceTree = "<group>"; };
		634C8462200446AA00F7EF38 /* ViewController.m */ = {isa = PBXFileReference; lastKnownFileType = sourcecode.c.objc; path = ViewController.m; sourceTree = "<group>"; };
		634C8465200446AA00F7EF38 /* Base */ = {isa = PBXFileReference; lastKnownFileType = file.storyboard; name = Base; path = Base.lproj/Main.storyboard; sourceTree = "<group>"; };
		634C8467200446AA00F7EF38 /* Assets.xcassets */ = {isa = PBXFileReference; lastKnownFileType = folder.assetcatalog; path = Assets.xcassets; sourceTree = "<group>"; };
		634C846A200446AA00F7EF38 /* Base */ = {isa = PBXFileReference; lastKnownFileType = file.storyboard; name = Base; path = Base.lproj/LaunchScreen.storyboard; sourceTree = "<group>"; };
		634C846C200446AA00F7EF38 /* Info.plist */ = {isa = PBXFileReference; lastKnownFileType = text.plist.xml; path = Info.plist; sourceTree = "<group>"; };
		634C846D200446AA00F7EF38 /* main.m */ = {isa = PBXFileReference; lastKnownFileType = sourcecode.c.objc; path = main.m; sourceTree = "<group>"; };
		634C8473200446AA00F7EF38 /* ZJHFoundationTests.xctest */ = {isa = PBXFileReference; explicitFileType = wrapper.cfbundle; includeInIndex = 0; path = ZJHFoundationTests.xctest; sourceTree = BUILT_PRODUCTS_DIR; };
		634C8477200446AA00F7EF38 /* ZJHFoundationTests.m */ = {isa = PBXFileReference; lastKnownFileType = sourcecode.c.objc; path = ZJHFoundationTests.m; sourceTree = "<group>"; };
		634C8479200446AA00F7EF38 /* Info.plist */ = {isa = PBXFileReference; lastKnownFileType = text.plist.xml; path = Info.plist; sourceTree = "<group>"; };
		634C847E200446AA00F7EF38 /* ZJHFoundationUITests.xctest */ = {isa = PBXFileReference; explicitFileType = wrapper.cfbundle; includeInIndex = 0; path = ZJHFoundationUITests.xctest; sourceTree = BUILT_PRODUCTS_DIR; };
		634C8482200446AA00F7EF38 /* ZJHFoundationUITests.m */ = {isa = PBXFileReference; lastKnownFileType = sourcecode.c.objc; path = ZJHFoundationUITests.m; sourceTree = "<group>"; };
		634C8484200446AA00F7EF38 /* Info.plist */ = {isa = PBXFileReference; lastKnownFileType = text.plist.xml; path = Info.plist; sourceTree = "<group>"; };
		634C849420045E1800F7EF38 /* UITextField+ZJHCategory.h */ = {isa = PBXFileReference; lastKnownFileType = sourcecode.c.h; path = "UITextField+ZJHCategory.h"; sourceTree = "<group>"; };
		634C849520045E1800F7EF38 /* UITextField+ZJHCategory.m */ = {isa = PBXFileReference; lastKnownFileType = sourcecode.c.objc; path = "UITextField+ZJHCategory.m"; sourceTree = "<group>"; };
		634C849720045F0200F7EF38 /* ZJHFoundationHeader.h */ = {isa = PBXFileReference; lastKnownFileType = sourcecode.c.h; path = ZJHFoundationHeader.h; sourceTree = "<group>"; };
		634C8498200460F600F7EF38 /* ZJH_TextField.h */ = {isa = PBXFileReference; lastKnownFileType = sourcecode.c.h; path = ZJH_TextField.h; sourceTree = "<group>"; };
		634C8499200460F600F7EF38 /* ZJH_TextField.m */ = {isa = PBXFileReference; lastKnownFileType = sourcecode.c.objc; path = ZJH_TextField.m; sourceTree = "<group>"; };
		634C849C2004613000F7EF38 /* PrefixHeader.pch */ = {isa = PBXFileReference; lastKnownFileType = sourcecode.c.h; path = PrefixHeader.pch; sourceTree = "<group>"; };
		634C849D20049A9D00F7EF38 /* ZJH_AlertView.m */ = {isa = PBXFileReference; fileEncoding = 4; lastKnownFileType = sourcecode.c.objc; path = ZJH_AlertView.m; sourceTree = "<group>"; };
		634C849E20049A9D00F7EF38 /* ZJH_AlertView.h */ = {isa = PBXFileReference; fileEncoding = 4; lastKnownFileType = sourcecode.c.h; path = ZJH_AlertView.h; sourceTree = "<group>"; };
		634C84A020049C4F00F7EF38 /* UIView+ZJHFrame.h */ = {isa = PBXFileReference; lastKnownFileType = sourcecode.c.h; path = "UIView+ZJHFrame.h"; sourceTree = "<group>"; };
		634C84A120049C4F00F7EF38 /* UIView+ZJHFrame.m */ = {isa = PBXFileReference; lastKnownFileType = sourcecode.c.objc; path = "UIView+ZJHFrame.m"; sourceTree = "<group>"; };
		634C84A32004A17000F7EF38 /* UILabel+ZJHFontSpacing.h */ = {isa = PBXFileReference; lastKnownFileType = sourcecode.c.h; path = "UILabel+ZJHFontSpacing.h"; sourceTree = "<group>"; };
		634C84A42004A17000F7EF38 /* UILabel+ZJHFontSpacing.m */ = {isa = PBXFileReference; lastKnownFileType = sourcecode.c.objc; path = "UILabel+ZJHFontSpacing.m"; sourceTree = "<group>"; };
		6369B2272091AF800057B92D /* NSObject+ZJHSwizzle.h */ = {isa = PBXFileReference; lastKnownFileType = sourcecode.c.h; path = "NSObject+ZJHSwizzle.h"; sourceTree = "<group>"; };
		6369B2282091AF800057B92D /* NSObject+ZJHSwizzle.m */ = {isa = PBXFileReference; lastKnownFileType = sourcecode.c.objc; path = "NSObject+ZJHSwizzle.m"; sourceTree = "<group>"; };
		637080EF20DA4672001B8A96 /* NSString+Category.h */ = {isa = PBXFileReference; lastKnownFileType = sourcecode.c.h; path = "NSString+Category.h"; sourceTree = "<group>"; };
		637080F020DA4672001B8A96 /* NSString+Category.m */ = {isa = PBXFileReference; lastKnownFileType = sourcecode.c.objc; path = "NSString+Category.m"; sourceTree = "<group>"; };
		63B7FB77208F24350033B9A4 /* UIScrollView+ZJH_EmptyDataSte.h */ = {isa = PBXFileReference; lastKnownFileType = sourcecode.c.h; path = "UIScrollView+ZJH_EmptyDataSte.h"; sourceTree = "<group>"; };
		63B7FB78208F24350033B9A4 /* UIScrollView+ZJH_EmptyDataSte.m */ = {isa = PBXFileReference; lastKnownFileType = sourcecode.c.objc; path = "UIScrollView+ZJH_EmptyDataSte.m"; sourceTree = "<group>"; };
		63B7FB7A2090876D0033B9A4 /* ZJH_ImageCompressionClass.h */ = {isa = PBXFileReference; lastKnownFileType = sourcecode.c.h; path = ZJH_ImageCompressionClass.h; sourceTree = "<group>"; };
		63B7FB7B2090876D0033B9A4 /* ZJH_ImageCompressionClass.m */ = {isa = PBXFileReference; lastKnownFileType = sourcecode.c.objc; path = ZJH_ImageCompressionClass.m; sourceTree = "<group>"; };
		8E204222BAA84DB38DF036C9 /* Pods-ZJHFoundation.release.xcconfig */ = {isa = PBXFileReference; includeInIndex = 1; lastKnownFileType = text.xcconfig; name = "Pods-ZJHFoundation.release.xcconfig"; path = "Pods/Target Support Files/Pods-ZJHFoundation/Pods-ZJHFoundation.release.xcconfig"; sourceTree = "<group>"; };
		D15570D52134F6C6360B5B1E /* Pods-ZJHFoundation.debug.xcconfig */ = {isa = PBXFileReference; includeInIndex = 1; lastKnownFileType = text.xcconfig; name = "Pods-ZJHFoundation.debug.xcconfig"; path = "Pods/Target Support Files/Pods-ZJHFoundation/Pods-ZJHFoundation.debug.xcconfig"; sourceTree = "<group>"; };
/* End PBXFileReference section */

/* Begin PBXFrameworksBuildPhase section */
		634C8458200446AA00F7EF38 /* Frameworks */ = {
			isa = PBXFrameworksBuildPhase;
			buildActionMask = 2147483647;
			files = (
				BB571E091C09186371EF7C57 /* libPods-ZJHFoundation.a in Frameworks */,
			);
			runOnlyForDeploymentPostprocessing = 0;
		};
		634C8470200446AA00F7EF38 /* Frameworks */ = {
			isa = PBXFrameworksBuildPhase;
			buildActionMask = 2147483647;
			files = (
			);
			runOnlyForDeploymentPostprocessing = 0;
		};
		634C847B200446AA00F7EF38 /* Frameworks */ = {
			isa = PBXFrameworksBuildPhase;
			buildActionMask = 2147483647;
			files = (
			);
			runOnlyForDeploymentPostprocessing = 0;
		};
/* End PBXFrameworksBuildPhase section */

/* Begin PBXGroup section */
		0EFCEB1359949CF555987A87 /* Frameworks */ = {
			isa = PBXGroup;
			children = (
				43BD6BA370B0C3EBF3C2DC03 /* libPods-ZJHFoundation.a */,
			);
			name = Frameworks;
			sourceTree = "<group>";
		};
		634C8452200446AA00F7EF38 = {
			isa = PBXGroup;
			children = (
				634C845D200446AA00F7EF38 /* ZJHFoundation */,
				634C8476200446AA00F7EF38 /* ZJHFoundationTests */,
				634C8481200446AA00F7EF38 /* ZJHFoundationUITests */,
				634C845C200446AA00F7EF38 /* Products */,
				93C139118BB2376CEBB5091E /* Pods */,
				0EFCEB1359949CF555987A87 /* Frameworks */,
			);
			sourceTree = "<group>";
		};
		634C845C200446AA00F7EF38 /* Products */ = {
			isa = PBXGroup;
			children = (
				634C845B200446AA00F7EF38 /* ZJHFoundation.app */,
				634C8473200446AA00F7EF38 /* ZJHFoundationTests.xctest */,
				634C847E200446AA00F7EF38 /* ZJHFoundationUITests.xctest */,
			);
			name = Products;
			sourceTree = "<group>";
		};
		634C845D200446AA00F7EF38 /* ZJHFoundation */ = {
			isa = PBXGroup;
			children = (
				634C8490200458C500F7EF38 /* Sources */,
				634C845E200446AA00F7EF38 /* AppDelegate.h */,
				634C845F200446AA00F7EF38 /* AppDelegate.m */,
				634C8461200446AA00F7EF38 /* ViewController.h */,
				634C8462200446AA00F7EF38 /* ViewController.m */,
				634C849C2004613000F7EF38 /* PrefixHeader.pch */,
				634C8464200446AA00F7EF38 /* Main.storyboard */,
				634C8467200446AA00F7EF38 /* Assets.xcassets */,
				634C8469200446AA00F7EF38 /* LaunchScreen.storyboard */,
				634C846C200446AA00F7EF38 /* Info.plist */,
				634C846D200446AA00F7EF38 /* main.m */,
			);
			path = ZJHFoundation;
			sourceTree = "<group>";
		};
		634C8476200446AA00F7EF38 /* ZJHFoundationTests */ = {
			isa = PBXGroup;
			children = (
				634C8477200446AA00F7EF38 /* ZJHFoundationTests.m */,
				634C8479200446AA00F7EF38 /* Info.plist */,
			);
			path = ZJHFoundationTests;
			sourceTree = "<group>";
		};
		634C8481200446AA00F7EF38 /* ZJHFoundationUITests */ = {
			isa = PBXGroup;
			children = (
				634C8482200446AA00F7EF38 /* ZJHFoundationUITests.m */,
				634C8484200446AA00F7EF38 /* Info.plist */,
			);
			path = ZJHFoundationUITests;
			sourceTree = "<group>";
		};
		634C8490200458C500F7EF38 /* Sources */ = {
			isa = PBXGroup;
			children = (
				634C8493200459A500F7EF38 /* UIKit+ZJHFoundation */,
				634C84912004595400F7EF38 /* ZJHCategory */,
				634C849720045F0200F7EF38 /* ZJHFoundationHeader.h */,
			);
			path = Sources;
			sourceTree = "<group>";
		};
		634C84912004595400F7EF38 /* ZJHCategory */ = {
			isa = PBXGroup;
			children = (
				634C849420045E1800F7EF38 /* UITextField+ZJHCategory.h */,
				634C849520045E1800F7EF38 /* UITextField+ZJHCategory.m */,
				634C84A020049C4F00F7EF38 /* UIView+ZJHFrame.h */,
				634C84A120049C4F00F7EF38 /* UIView+ZJHFrame.m */,
				634C84A32004A17000F7EF38 /* UILabel+ZJHFontSpacing.h */,
				634C84A42004A17000F7EF38 /* UILabel+ZJHFontSpacing.m */,
				6369B2272091AF800057B92D /* NSObject+ZJHSwizzle.h */,
				6369B2282091AF800057B92D /* NSObject+ZJHSwizzle.m */,
				637080EF20DA4672001B8A96 /* NSString+Category.h */,
				637080F020DA4672001B8A96 /* NSString+Category.m */,
			);
			path = ZJHCategory;
			sourceTree = "<group>";
		};
		634C8493200459A500F7EF38 /* UIKit+ZJHFoundation */ = {
			isa = PBXGroup;
			children = (
				634C8498200460F600F7EF38 /* ZJH_TextField.h */,
				634C8499200460F600F7EF38 /* ZJH_TextField.m */,
				634C849E20049A9D00F7EF38 /* ZJH_AlertView.h */,
				634C849D20049A9D00F7EF38 /* ZJH_AlertView.m */,
				63B7FB77208F24350033B9A4 /* UIScrollView+ZJH_EmptyDataSte.h */,
				63B7FB78208F24350033B9A4 /* UIScrollView+ZJH_EmptyDataSte.m */,
				63B7FB7A2090876D0033B9A4 /* ZJH_ImageCompressionClass.h */,
				63B7FB7B2090876D0033B9A4 /* ZJH_ImageCompressionClass.m */,
			);
			path = "UIKit+ZJHFoundation";
			sourceTree = "<group>";
		};
		93C139118BB2376CEBB5091E /* Pods */ = {
			isa = PBXGroup;
			children = (
				D15570D52134F6C6360B5B1E /* Pods-ZJHFoundation.debug.xcconfig */,
				8E204222BAA84DB38DF036C9 /* Pods-ZJHFoundation.release.xcconfig */,
			);
			name = Pods;
			sourceTree = "<group>";
		};
/* End PBXGroup section */

/* Begin PBXNativeTarget section */
		634C845A200446AA00F7EF38 /* ZJHFoundation */ = {
			isa = PBXNativeTarget;
			buildConfigurationList = 634C8487200446AA00F7EF38 /* Build configuration list for PBXNativeTarget "ZJHFoundation" */;
			buildPhases = (
				854B1128590D9DAE85FDD8BF /* [CP] Check Pods Manifest.lock */,
				634C8457200446AA00F7EF38 /* Sources */,
				634C8458200446AA00F7EF38 /* Frameworks */,
				634C8459200446AA00F7EF38 /* Resources */,
				6DA90436A4FE8BEA16A2D932 /* [CP] Embed Pods Frameworks */,
				177E6C627996BAB4C8428E47 /* [CP] Copy Pods Resources */,
			);
			buildRules = (
			);
			dependencies = (
			);
			name = ZJHFoundation;
			productName = ZJHFoundation;
			productReference = 634C845B200446AA00F7EF38 /* ZJHFoundation.app */;
			productType = "com.apple.product-type.application";
		};
		634C8472200446AA00F7EF38 /* ZJHFoundationTests */ = {
			isa = PBXNativeTarget;
			buildConfigurationList = 634C848A200446AA00F7EF38 /* Build configuration list for PBXNativeTarget "ZJHFoundationTests" */;
			buildPhases = (
				634C846F200446AA00F7EF38 /* Sources */,
				634C8470200446AA00F7EF38 /* Frameworks */,
				634C8471200446AA00F7EF38 /* Resources */,
			);
			buildRules = (
			);
			dependencies = (
				634C8475200446AA00F7EF38 /* PBXTargetDependency */,
			);
			name = ZJHFoundationTests;
			productName = ZJHFoundationTests;
			productReference = 634C8473200446AA00F7EF38 /* ZJHFoundationTests.xctest */;
			productType = "com.apple.product-type.bundle.unit-test";
		};
		634C847D200446AA00F7EF38 /* ZJHFoundationUITests */ = {
			isa = PBXNativeTarget;
			buildConfigurationList = 634C848D200446AA00F7EF38 /* Build configuration list for PBXNativeTarget "ZJHFoundationUITests" */;
			buildPhases = (
				634C847A200446AA00F7EF38 /* Sources */,
				634C847B200446AA00F7EF38 /* Frameworks */,
				634C847C200446AA00F7EF38 /* Resources */,
			);
			buildRules = (
			);
			dependencies = (
				634C8480200446AA00F7EF38 /* PBXTargetDependency */,
			);
			name = ZJHFoundationUITests;
			productName = ZJHFoundationUITests;
			productReference = 634C847E200446AA00F7EF38 /* ZJHFoundationUITests.xctest */;
			productType = "com.apple.product-type.bundle.ui-testing";
		};
/* End PBXNativeTarget section */

/* Begin PBXProject section */
		634C8453200446AA00F7EF38 /* Project object */ = {
			isa = PBXProject;
			attributes = {
				LastUpgradeCheck = 0920;
				ORGANIZATIONNAME = ZJH;
				TargetAttributes = {
					634C845A200446AA00F7EF38 = {
						CreatedOnToolsVersion = 9.2;
						ProvisioningStyle = Automatic;
					};
					634C8472200446AA00F7EF38 = {
						CreatedOnToolsVersion = 9.2;
						ProvisioningStyle = Automatic;
						TestTargetID = 634C845A200446AA00F7EF38;
					};
					634C847D200446AA00F7EF38 = {
						CreatedOnToolsVersion = 9.2;
						ProvisioningStyle = Automatic;
						TestTargetID = 634C845A200446AA00F7EF38;
					};
				};
			};
			buildConfigurationList = 634C8456200446AA00F7EF38 /* Build configuration list for PBXProject "ZJHFoundation" */;
			compatibilityVersion = "Xcode 8.0";
			developmentRegion = en;
			hasScannedForEncodings = 0;
			knownRegions = (
				en,
				Base,
			);
			mainGroup = 634C8452200446AA00F7EF38;
			productRefGroup = 634C845C200446AA00F7EF38 /* Products */;
			projectDirPath = "";
			projectRoot = "";
			targets = (
				634C845A200446AA00F7EF38 /* ZJHFoundation */,
				634C8472200446AA00F7EF38 /* ZJHFoundationTests */,
				634C847D200446AA00F7EF38 /* ZJHFoundationUITests */,
			);
		};
/* End PBXProject section */

/* Begin PBXResourcesBuildPhase section */
		634C8459200446AA00F7EF38 /* Resources */ = {
			isa = PBXResourcesBuildPhase;
			buildActionMask = 2147483647;
			files = (
				634C846B200446AA00F7EF38 /* LaunchScreen.storyboard in Resources */,
				634C8468200446AA00F7EF38 /* Assets.xcassets in Resources */,
				634C8466200446AA00F7EF38 /* Main.storyboard in Resources */,
			);
			runOnlyForDeploymentPostprocessing = 0;
		};
		634C8471200446AA00F7EF38 /* Resources */ = {
			isa = PBXResourcesBuildPhase;
			buildActionMask = 2147483647;
			files = (
			);
			runOnlyForDeploymentPostprocessing = 0;
		};
		634C847C200446AA00F7EF38 /* Resources */ = {
			isa = PBXResourcesBuildPhase;
			buildActionMask = 2147483647;
			files = (
			);
			runOnlyForDeploymentPostprocessing = 0;
		};
/* End PBXResourcesBuildPhase section */

/* Begin PBXShellScriptBuildPhase section */
		177E6C627996BAB4C8428E47 /* [CP] Copy Pods Resources */ = {
			isa = PBXShellScriptBuildPhase;
			buildActionMask = 2147483647;
			files = (
			);
			inputPaths = (
			);
			name = "[CP] Copy Pods Resources";
			outputPaths = (
			);
			runOnlyForDeploymentPostprocessing = 0;
			shellPath = /bin/sh;
			shellScript = "\"${SRCROOT}/Pods/Target Support Files/Pods-ZJHFoundation/Pods-ZJHFoundation-resources.sh\"\n";
			showEnvVarsInLog = 0;
		};
		6DA90436A4FE8BEA16A2D932 /* [CP] Embed Pods Frameworks */ = {
			isa = PBXShellScriptBuildPhase;
			buildActionMask = 2147483647;
			files = (
			);
			inputPaths = (
			);
			name = "[CP] Embed Pods Frameworks";
			outputPaths = (
			);
			runOnlyForDeploymentPostprocessing = 0;
			shellPath = /bin/sh;
			shellScript = "\"${SRCROOT}/Pods/Target Support Files/Pods-ZJHFoundation/Pods-ZJHFoundation-frameworks.sh\"\n";
			showEnvVarsInLog = 0;
		};
		854B1128590D9DAE85FDD8BF /* [CP] Check Pods Manifest.lock */ = {
			isa = PBXShellScriptBuildPhase;
			buildActionMask = 2147483647;
			files = (
			);
			inputPaths = (
				"${PODS_PODFILE_DIR_PATH}/Podfile.lock",
				"${PODS_ROOT}/Manifest.lock",
			);
			name = "[CP] Check Pods Manifest.lock";
			outputPaths = (
				"$(DERIVED_FILE_DIR)/Pods-ZJHFoundation-checkManifestLockResult.txt",
			);
			runOnlyForDeploymentPostprocessing = 0;
			shellPath = /bin/sh;
			shellScript = "diff \"${PODS_PODFILE_DIR_PATH}/Podfile.lock\" \"${PODS_ROOT}/Manifest.lock\" > /dev/null\nif [ $? != 0 ] ; then\n    # print error to STDERR\n    echo \"error: The sandbox is not in sync with the Podfile.lock. Run 'pod install' or update your CocoaPods installation.\" >&2\n    exit 1\nfi\n# This output is used by Xcode 'outputs' to avoid re-running this script phase.\necho \"SUCCESS\" > \"${SCRIPT_OUTPUT_FILE_0}\"\n";
			showEnvVarsInLog = 0;
		};
/* End PBXShellScriptBuildPhase section */

/* Begin PBXSourcesBuildPhase section */
		634C8457200446AA00F7EF38 /* Sources */ = {
			isa = PBXSourcesBuildPhase;
			buildActionMask = 2147483647;
			files = (
				634C849620045E1800F7EF38 /* UITextField+ZJHCategory.m in Sources */,
				634C849A200460F600F7EF38 /* ZJH_TextField.m in Sources */,
				634C849F20049A9D00F7EF38 /* ZJH_AlertView.m in Sources */,
				634C8463200446AA00F7EF38 /* ViewController.m in Sources */,
				634C84A52004A17000F7EF38 /* UILabel+ZJHFontSpacing.m in Sources */,
				634C846E200446AA00F7EF38 /* main.m in Sources */,
				63B7FB7C2090876D0033B9A4 /* ZJH_ImageCompressionClass.m in Sources */,
				637080F120DA4672001B8A96 /* NSString+Category.m in Sources */,
				6369B2292091AF800057B92D /* NSObject+ZJHSwizzle.m in Sources */,
				634C8460200446AA00F7EF38 /* AppDelegate.m in Sources */,
				634C84A220049C4F00F7EF38 /* UIView+ZJHFrame.m in Sources */,
				63B7FB79208F24350033B9A4 /* UIScrollView+ZJH_EmptyDataSte.m in Sources */,
			);
			runOnlyForDeploymentPostprocessing = 0;
		};
		634C846F200446AA00F7EF38 /* Sources */ = {
			isa = PBXSourcesBuildPhase;
			buildActionMask = 2147483647;
			files = (
				634C8478200446AA00F7EF38 /* ZJHFoundationTests.m in Sources */,
			);
			runOnlyForDeploymentPostprocessing = 0;
		};
		634C847A200446AA00F7EF38 /* Sources */ = {
			isa = PBXSourcesBuildPhase;
			buildActionMask = 2147483647;
			files = (
				634C8483200446AA00F7EF38 /* ZJHFoundationUITests.m in Sources */,
			);
			runOnlyForDeploymentPostprocessing = 0;
		};
/* End PBXSourcesBuildPhase section */

/* Begin PBXTargetDependency section */
		634C8475200446AA00F7EF38 /* PBXTargetDependency */ = {
			isa = PBXTargetDependency;
			target = 634C845A200446AA00F7EF38 /* ZJHFoundation */;
			targetProxy = 634C8474200446AA00F7EF38 /* PBXContainerItemProxy */;
		};
		634C8480200446AA00F7EF38 /* PBXTargetDependency */ = {
			isa = PBXTargetDependency;
			target = 634C845A200446AA00F7EF38 /* ZJHFoundation */;
			targetProxy = 634C847F200446AA00F7EF38 /* PBXContainerItemProxy */;
		};
/* End PBXTargetDependency section */

/* Begin PBXVariantGroup section */
		634C8464200446AA00F7EF38 /* Main.storyboard */ = {
			isa = PBXVariantGroup;
			children = (
				634C8465200446AA00F7EF38 /* Base */,
			);
			name = Main.storyboard;
			sourceTree = "<group>";
		};
		634C8469200446AA00F7EF38 /* LaunchScreen.storyboard */ = {
			isa = PBXVariantGroup;
			children = (
				634C846A200446AA00F7EF38 /* Base */,
			);
			name = LaunchScreen.storyboard;
			sourceTree = "<group>";
		};
/* End PBXVariantGroup section */

/* Begin XCBuildConfiguration section */
		634C8485200446AA00F7EF38 /* Debug */ = {
			isa = XCBuildConfiguration;
			buildSettings = {
				ALWAYS_SEARCH_USER_PATHS = NO;
				CLANG_ANALYZER_NONNULL = YES;
				CLANG_ANALYZER_NUMBER_OBJECT_CONVERSION = YES_AGGRESSIVE;
				CLANG_CXX_LANGUAGE_STANDARD = "gnu++14";
				CLANG_CXX_LIBRARY = "libc++";
				CLANG_ENABLE_MODULES = YES;
				CLANG_ENABLE_OBJC_ARC = YES;
				CLANG_WARN_BLOCK_CAPTURE_AUTORELEASING = YES;
				CLANG_WARN_BOOL_CONVERSION = YES;
				CLANG_WARN_COMMA = YES;
				CLANG_WARN_CONSTANT_CONVERSION = YES;
				CLANG_WARN_DIRECT_OBJC_ISA_USAGE = YES_ERROR;
				CLANG_WARN_DOCUMENTATION_COMMENTS = YES;
				CLANG_WARN_EMPTY_BODY = YES;
				CLANG_WARN_ENUM_CONVERSION = YES;
				CLANG_WARN_INFINITE_RECURSION = YES;
				CLANG_WARN_INT_CONVERSION = YES;
				CLANG_WARN_NON_LITERAL_NULL_CONVERSION = YES;
				CLANG_WARN_OBJC_LITERAL_CONVERSION = YES;
				CLANG_WARN_OBJC_ROOT_CLASS = YES_ERROR;
				CLANG_WARN_RANGE_LOOP_ANALYSIS = YES;
				CLANG_WARN_STRICT_PROTOTYPES = YES;
				CLANG_WARN_SUSPICIOUS_MOVE = YES;
				CLANG_WARN_UNGUARDED_AVAILABILITY = YES_AGGRESSIVE;
				CLANG_WARN_UNREACHABLE_CODE = YES;
				CLANG_WARN__DUPLICATE_METHOD_MATCH = YES;
				CODE_SIGN_IDENTITY = "iPhone Developer";
				COPY_PHASE_STRIP = NO;
				DEBUG_INFORMATION_FORMAT = dwarf;
				ENABLE_STRICT_OBJC_MSGSEND = YES;
				ENABLE_TESTABILITY = YES;
				GCC_C_LANGUAGE_STANDARD = gnu11;
				GCC_DYNAMIC_NO_PIC = NO;
				GCC_NO_COMMON_BLOCKS = YES;
				GCC_OPTIMIZATION_LEVEL = 0;
				GCC_PREPROCESSOR_DEFINITIONS = (
					"DEBUG=1",
					"$(inherited)",
				);
				GCC_WARN_64_TO_32_BIT_CONVERSION = YES;
				GCC_WARN_ABOUT_RETURN_TYPE = YES_ERROR;
				GCC_WARN_UNDECLARED_SELECTOR = YES;
				GCC_WARN_UNINITIALIZED_AUTOS = YES_AGGRESSIVE;
				GCC_WARN_UNUSED_FUNCTION = YES;
				GCC_WARN_UNUSED_VARIABLE = YES;
				IPHONEOS_DEPLOYMENT_TARGET = 11.2;
				MTL_ENABLE_DEBUG_INFO = YES;
				ONLY_ACTIVE_ARCH = YES;
				SDKROOT = iphoneos;
			};
			name = Debug;
		};
		634C8486200446AA00F7EF38 /* Release */ = {
			isa = XCBuildConfiguration;
			buildSettings = {
				ALWAYS_SEARCH_USER_PATHS = NO;
				CLANG_ANALYZER_NONNULL = YES;
				CLANG_ANALYZER_NUMBER_OBJECT_CONVERSION = YES_AGGRESSIVE;
				CLANG_CXX_LANGUAGE_STANDARD = "gnu++14";
				CLANG_CXX_LIBRARY = "libc++";
				CLANG_ENABLE_MODULES = YES;
				CLANG_ENABLE_OBJC_ARC = YES;
				CLANG_WARN_BLOCK_CAPTURE_AUTORELEASING = YES;
				CLANG_WARN_BOOL_CONVERSION = YES;
				CLANG_WARN_COMMA = YES;
				CLANG_WARN_CONSTANT_CONVERSION = YES;
				CLANG_WARN_DIRECT_OBJC_ISA_USAGE = YES_ERROR;
				CLANG_WARN_DOCUMENTATION_COMMENTS = YES;
				CLANG_WARN_EMPTY_BODY = YES;
				CLANG_WARN_ENUM_CONVERSION = YES;
				CLANG_WARN_INFINITE_RECURSION = YES;
				CLANG_WARN_INT_CONVERSION = YES;
				CLANG_WARN_NON_LITERAL_NULL_CONVERSION = YES;
				CLANG_WARN_OBJC_LITERAL_CONVERSION = YES;
				CLANG_WARN_OBJC_ROOT_CLASS = YES_ERROR;
				CLANG_WARN_RANGE_LOOP_ANALYSIS = YES;
				CLANG_WARN_STRICT_PROTOTYPES = YES;
				CLANG_WARN_SUSPICIOUS_MOVE = YES;
				CLANG_WARN_UNGUARDED_AVAILABILITY = YES_AGGRESSIVE;
				CLANG_WARN_UNREACHABLE_CODE = YES;
				CLANG_WARN__DUPLICATE_METHOD_MATCH = YES;
				CODE_SIGN_IDENTITY = "iPhone Developer";
				COPY_PHASE_STRIP = NO;
				DEBUG_INFORMATION_FORMAT = "dwarf-with-dsym";
				ENABLE_NS_ASSERTIONS = NO;
				ENABLE_STRICT_OBJC_MSGSEND = YES;
				GCC_C_LANGUAGE_STANDARD = gnu11;
				GCC_NO_COMMON_BLOCKS = YES;
				GCC_WARN_64_TO_32_BIT_CONVERSION = YES;
				GCC_WARN_ABOUT_RETURN_TYPE = YES_ERROR;
				GCC_WARN_UNDECLARED_SELECTOR = YES;
				GCC_WARN_UNINITIALIZED_AUTOS = YES_AGGRESSIVE;
				GCC_WARN_UNUSED_FUNCTION = YES;
				GCC_WARN_UNUSED_VARIABLE = YES;
				IPHONEOS_DEPLOYMENT_TARGET = 11.2;
				MTL_ENABLE_DEBUG_INFO = NO;
				SDKROOT = iphoneos;
				VALIDATE_PRODUCT = YES;
			};
			name = Release;
		};
		634C8488200446AA00F7EF38 /* Debug */ = {
			isa = XCBuildConfiguration;
			baseConfigurationReference = D15570D52134F6C6360B5B1E /* Pods-ZJHFoundation.debug.xcconfig */;
			buildSettings = {
				ASSETCATALOG_COMPILER_APPICON_NAME = AppIcon;
				CODE_SIGN_STYLE = Automatic;
				GCC_PRECOMPILE_PREFIX_HEADER = YES;
				GCC_PREFIX_HEADER = ZJHFoundation/PrefixHeader.pch;
				INFOPLIST_FILE = ZJHFoundation/Info.plist;
				IPHONEOS_DEPLOYMENT_TARGET = 9.0;
				LD_RUNPATH_SEARCH_PATHS = "$(inherited) @executable_path/Frameworks";
				PRODUCT_BUNDLE_IDENTIFIER = F.ZJHFoundation;
				PRODUCT_NAME = "$(TARGET_NAME)";
				TARGETED_DEVICE_FAMILY = "1,2";
			};
			name = Debug;
		};
		634C8489200446AA00F7EF38 /* Release */ = {
			isa = XCBuildConfiguration;
			baseConfigurationReference = 8E204222BAA84DB38DF036C9 /* Pods-ZJHFoundation.release.xcconfig */;
			buildSettings = {
				ASSETCATALOG_COMPILER_APPICON_NAME = AppIcon;
				CODE_SIGN_STYLE = Automatic;
				GCC_PRECOMPILE_PREFIX_HEADER = YES;
				GCC_PREFIX_HEADER = ZJHFoundation/PrefixHeader.pch;
				INFOPLIST_FILE = ZJHFoundation/Info.plist;
				IPHONEOS_DEPLOYMENT_TARGET = 9.0;
				LD_RUNPATH_SEARCH_PATHS = "$(inherited) @executable_path/Frameworks";
				PRODUCT_BUNDLE_IDENTIFIER = F.ZJHFoundation;
				PRODUCT_NAME = "$(TARGET_NAME)";
				TARGETED_DEVICE_FAMILY = "1,2";
			};
			name = Release;
		};
		634C848B200446AA00F7EF38 /* Debug */ = {
			isa = XCBuildConfiguration;
			buildSettings = {
				BUNDLE_LOADER = "$(TEST_HOST)";
				CODE_SIGN_STYLE = Automatic;
				INFOPLIST_FILE = ZJHFoundationTests/Info.plist;
				LD_RUNPATH_SEARCH_PATHS = "$(inherited) @executable_path/Frameworks @loader_path/Frameworks";
				PRODUCT_BUNDLE_IDENTIFIER = F.ZJHFoundationTests;
				PRODUCT_NAME = "$(TARGET_NAME)";
				TARGETED_DEVICE_FAMILY = "1,2";
				TEST_HOST = "$(BUILT_PRODUCTS_DIR)/ZJHFoundation.app/ZJHFoundation";
			};
			name = Debug;
		};
		634C848C200446AA00F7EF38 /* Release */ = {
			isa = XCBuildConfiguration;
			buildSettings = {
				BUNDLE_LOADER = "$(TEST_HOST)";
				CODE_SIGN_STYLE = Automatic;
				INFOPLIST_FILE = ZJHFoundationTests/Info.plist;
				LD_RUNPATH_SEARCH_PATHS = "$(inherited) @executable_path/Frameworks @loader_path/Frameworks";
				PRODUCT_BUNDLE_IDENTIFIER = F.ZJHFoundationTests;
				PRODUCT_NAME = "$(TARGET_NAME)";
				TARGETED_DEVICE_FAMILY = "1,2";
				TEST_HOST = "$(BUILT_PRODUCTS_DIR)/ZJHFoundation.app/ZJHFoundation";
			};
			name = Release;
		};
		634C848E200446AA00F7EF38 /* Debug */ = {
			isa = XCBuildConfiguration;
			buildSettings = {
				CODE_SIGN_STYLE = Automatic;
				INFOPLIST_FILE = ZJHFoundationUITests/Info.plist;
				LD_RUNPATH_SEARCH_PATHS = "$(inherited) @executable_path/Frameworks @loader_path/Frameworks";
				PRODUCT_BUNDLE_IDENTIFIER = F.ZJHFoundationUITests;
				PRODUCT_NAME = "$(TARGET_NAME)";
				TARGETED_DEVICE_FAMILY = "1,2";
				TEST_TARGET_NAME = ZJHFoundation;
			};
			name = Debug;
		};
		634C848F200446AA00F7EF38 /* Release */ = {
			isa = XCBuildConfiguration;
			buildSettings = {
				CODE_SIGN_STYLE = Automatic;
				INFOPLIST_FILE = ZJHFoundationUITests/Info.plist;
				LD_RUNPATH_SEARCH_PATHS = "$(inherited) @executable_path/Frameworks @loader_path/Frameworks";
				PRODUCT_BUNDLE_IDENTIFIER = F.ZJHFoundationUITests;
				PRODUCT_NAME = "$(TARGET_NAME)";
				TARGETED_DEVICE_FAMILY = "1,2";
				TEST_TARGET_NAME = ZJHFoundation;
			};
			name = Release;
		};
/* End XCBuildConfiguration section */

/* Begin XCConfigurationList section */
		634C8456200446AA00F7EF38 /* Build configuration list for PBXProject "ZJHFoundation" */ = {
			isa = XCConfigurationList;
			buildConfigurations = (
				634C8485200446AA00F7EF38 /* Debug */,
				634C8486200446AA00F7EF38 /* Release */,
			);
			defaultConfigurationIsVisible = 0;
			defaultConfigurationName = Release;
		};
		634C8487200446AA00F7EF38 /* Build configuration list for PBXNativeTarget "ZJHFoundation" */ = {
			isa = XCConfigurationList;
			buildConfigurations = (
				634C8488200446AA00F7EF38 /* Debug */,
				634C8489200446AA00F7EF38 /* Release */,
			);
			defaultConfigurationIsVisible = 0;
			defaultConfigurationName = Release;
		};
		634C848A200446AA00F7EF38 /* Build configuration list for PBXNativeTarget "ZJHFoundationTests" */ = {
			isa = XCConfigurationList;
			buildConfigurations = (
				634C848B200446AA00F7EF38 /* Debug */,
				634C848C200446AA00F7EF38 /* Release */,
			);
			defaultConfigurationIsVisible = 0;
			defaultConfigurationName = Release;
		};
		634C848D200446AA00F7EF38 /* Build configuration list for PBXNativeTarget "ZJHFoundationUITests" */ = {
			isa = XCConfigurationList;
			buildConfigurations = (
				634C848E200446AA00F7EF38 /* Debug */,
				634C848F200446AA00F7EF38 /* Release */,
			);
			defaultConfigurationIsVisible = 0;
			defaultConfigurationName = Release;
		};
/* End XCConfigurationList section */
	};
	rootObject = 634C8453200446AA00F7EF38 /* Project object */;
}
